
Microsoft Visual Studio Solution File, Format Version 12.00
# Visual Studio Version 17
VisualStudioVersion = 17.10.35027.167
MinimumVisualStudioVersion = 10.0.40219.1
Project("{9A19103F-16F7-4668-BE54-9A1E7A4F7556}") = "UnitTestUzduotys", "UnitTestUzduotys\UnitTestUzduotys.csproj", "{9D574E09-5019-4B05-BEF1-4242FCC50DD0}"
EndProject
Project("{9A19103F-16F7-4668-BE54-9A1E7A4F7556}") = "SimpleCalculatorTest", "SimpleCalculatorTest\SimpleCalculatorTest.csproj", "{D9CD6631-CC42-4267-8800-7BFF2B39AEEB}"
EndProject
Project("{9A19103F-16F7-4668-BE54-9A1E7A4F7556}") = "UserServiceTests", "UserServiceTests\UserServiceTests.csproj", "{A8B28743-248B-426C-90A9-24C47BEF6860}"
EndProject
Project("{9A19103F-16F7-4668-BE54-9A1E7A4F7556}") = "UserServiceTest", "UserServiceTest\UserServiceTest.csproj", "{AE72197A-9995-4B1B-A9B6-9B38D13B9629}"
EndProject
Project("{9A19103F-16F7-4668-BE54-9A1E7A4F7556}") = "ShoppingCartTests", "ShoppingCartTests\ShoppingCartTests.csproj", "{19E207BF-40D0-48DC-A163-42F2870A5B04}"
EndProject
Project("{FAE04EC0-301F-11D3-BF4B-00C04F79EFBC}") = "ShoppingCartUnitTest", "ShoppingCartUnitTest\ShoppingCartUnitTest.csproj", "{975D67A7-673D-4BCD-9A2A-CA203B266651}"
EndProject
Project("{FAE04EC0-301F-11D3-BF4B-00C04F79EFBC}") = "BankAccount", "BankAccount\BankAccount.csproj", "{A331E1F5-824F-4185-8435-68B29E5658F2}"
EndProject
Project("{FAE04EC0-301F-11D3-BF4B-00C04F79EFBC}") = "BankAccountTests", "BankAccountTests\BankAccountTests.csproj", "{82DB8B01-9ED5-4DB5-B3E3-0DBD81AD9926}"
EndProject
Project("{FAE04EC0-301F-11D3-BF4B-00C04F79EFBC}") = "OrderApplication", "OrderApplication\OrderApplication.csproj", "{2521FB70-EBC9-4C65-A12F-3CB0D66AD9C6}"
EndProject
Project("{FAE04EC0-301F-11D3-BF4B-00C04F79EFBC}") = "OrderApplicationTests", "OrderApplicationTests\OrderApplicationTests.csproj", "{8BFFD7F8-E9B5-4BE8-BCB2-A992916C98FA}"
EndProject
Project("{FAE04EC0-301F-11D3-BF4B-00C04F79EFBC}") = "LibraryApp", "LibraryApp\LibraryApp.csproj", "{2287250C-9EC6-49D4-A754-FBE835AEA8F9}"
EndProject
Project("{FAE04EC0-301F-11D3-BF4B-00C04F79EFBC}") = "LibraryAppTests", "LibraryAppTests\LibraryAppTests.csproj", "{F5D96A88-2CC1-4C9B-8549-87AD60E0E4BB}"
EndProject
Global
	GlobalSection(SolutionConfigurationPlatforms) = preSolution
		Debug|Any CPU = Debug|Any CPU
		Release|Any CPU = Release|Any CPU
	EndGlobalSection
	GlobalSection(ProjectConfigurationPlatforms) = postSolution
		{9D574E09-5019-4B05-BEF1-4242FCC50DD0}.Debug|Any CPU.ActiveCfg = Debug|Any CPU
		{9D574E09-5019-4B05-BEF1-4242FCC50DD0}.Debug|Any CPU.Build.0 = Debug|Any CPU
		{9D574E09-5019-4B05-BEF1-4242FCC50DD0}.Release|Any CPU.ActiveCfg = Release|Any CPU
		{9D574E09-5019-4B05-BEF1-4242FCC50DD0}.Release|Any CPU.Build.0 = Release|Any CPU
		{D9CD6631-CC42-4267-8800-7BFF2B39AEEB}.Debug|Any CPU.ActiveCfg = Debug|Any CPU
		{D9CD6631-CC42-4267-8800-7BFF2B39AEEB}.Debug|Any CPU.Build.0 = Debug|Any CPU
		{D9CD6631-CC42-4267-8800-7BFF2B39AEEB}.Release|Any CPU.ActiveCfg = Release|Any CPU
		{D9CD6631-CC42-4267-8800-7BFF2B39AEEB}.Release|Any CPU.Build.0 = Release|Any CPU
		{A8B28743-248B-426C-90A9-24C47BEF6860}.Debug|Any CPU.ActiveCfg = Debug|Any CPU
		{A8B28743-248B-426C-90A9-24C47BEF6860}.Debug|Any CPU.Build.0 = Debug|Any CPU
		{A8B28743-248B-426C-90A9-24C47BEF6860}.Release|Any CPU.ActiveCfg = Release|Any CPU
		{A8B28743-248B-426C-90A9-24C47BEF6860}.Release|Any CPU.Build.0 = Release|Any CPU
		{AE72197A-9995-4B1B-A9B6-9B38D13B9629}.Debug|Any CPU.ActiveCfg = Debug|Any CPU
		{AE72197A-9995-4B1B-A9B6-9B38D13B9629}.Debug|Any CPU.Build.0 = Debug|Any CPU
		{AE72197A-9995-4B1B-A9B6-9B38D13B9629}.Release|Any CPU.ActiveCfg = Release|Any CPU
		{AE72197A-9995-4B1B-A9B6-9B38D13B9629}.Release|Any CPU.Build.0 = Release|Any CPU
		{19E207BF-40D0-48DC-A163-42F2870A5B04}.Debug|Any CPU.ActiveCfg = Debug|Any CPU
		{19E207BF-40D0-48DC-A163-42F2870A5B04}.Debug|Any CPU.Build.0 = Debug|Any CPU
		{19E207BF-40D0-48DC-A163-42F2870A5B04}.Release|Any CPU.ActiveCfg = Release|Any CPU
		{19E207BF-40D0-48DC-A163-42F2870A5B04}.Release|Any CPU.Build.0 = Release|Any CPU
		{975D67A7-673D-4BCD-9A2A-CA203B266651}.Debug|Any CPU.ActiveCfg = Debug|Any CPU
		{975D67A7-673D-4BCD-9A2A-CA203B266651}.Debug|Any CPU.Build.0 = Debug|Any CPU
		{975D67A7-673D-4BCD-9A2A-CA203B266651}.Release|Any CPU.ActiveCfg = Release|Any CPU
		{975D67A7-673D-4BCD-9A2A-CA203B266651}.Release|Any CPU.Build.0 = Release|Any CPU
		{A331E1F5-824F-4185-8435-68B29E5658F2}.Debug|Any CPU.ActiveCfg = Debug|Any CPU
		{A331E1F5-824F-4185-8435-68B29E5658F2}.Debug|Any CPU.Build.0 = Debug|Any CPU
		{A331E1F5-824F-4185-8435-68B29E5658F2}.Release|Any CPU.ActiveCfg = Release|Any CPU
		{A331E1F5-824F-4185-8435-68B29E5658F2}.Release|Any CPU.Build.0 = Release|Any CPU
		{82DB8B01-9ED5-4DB5-B3E3-0DBD81AD9926}.Debug|Any CPU.ActiveCfg = Debug|Any CPU
		{82DB8B01-9ED5-4DB5-B3E3-0DBD81AD9926}.Debug|Any CPU.Build.0 = Debug|Any CPU
		{82DB8B01-9ED5-4DB5-B3E3-0DBD81AD9926}.Release|Any CPU.ActiveCfg = Release|Any CPU
		{82DB8B01-9ED5-4DB5-B3E3-0DBD81AD9926}.Release|Any CPU.Build.0 = Release|Any CPU
		{2521FB70-EBC9-4C65-A12F-3CB0D66AD9C6}.Debug|Any CPU.ActiveCfg = Debug|Any CPU
		{2521FB70-EBC9-4C65-A12F-3CB0D66AD9C6}.Debug|Any CPU.Build.0 = Debug|Any CPU
		{2521FB70-EBC9-4C65-A12F-3CB0D66AD9C6}.Release|Any CPU.ActiveCfg = Release|Any CPU
		{2521FB70-EBC9-4C65-A12F-3CB0D66AD9C6}.Release|Any CPU.Build.0 = Release|Any CPU
		{8BFFD7F8-E9B5-4BE8-BCB2-A992916C98FA}.Debug|Any CPU.ActiveCfg = Debug|Any CPU
		{8BFFD7F8-E9B5-4BE8-BCB2-A992916C98FA}.Debug|Any CPU.Build.0 = Debug|Any CPU
		{8BFFD7F8-E9B5-4BE8-BCB2-A992916C98FA}.Release|Any CPU.ActiveCfg = Release|Any CPU
		{8BFFD7F8-E9B5-4BE8-BCB2-A992916C98FA}.Release|Any CPU.Build.0 = Release|Any CPU
		{2287250C-9EC6-49D4-A754-FBE835AEA8F9}.Debug|Any CPU.ActiveCfg = Debug|Any CPU
		{2287250C-9EC6-49D4-A754-FBE835AEA8F9}.Debug|Any CPU.Build.0 = Debug|Any CPU
		{2287250C-9EC6-49D4-A754-FBE835AEA8F9}.Release|Any CPU.ActiveCfg = Release|Any CPU
		{2287250C-9EC6-49D4-A754-FBE835AEA8F9}.Release|Any CPU.Build.0 = Release|Any CPU
		{F5D96A88-2CC1-4C9B-8549-87AD60E0E4BB}.Debug|Any CPU.ActiveCfg = Debug|Any CPU
		{F5D96A88-2CC1-4C9B-8549-87AD60E0E4BB}.Debug|Any CPU.Build.0 = Debug|Any CPU
		{F5D96A88-2CC1-4C9B-8549-87AD60E0E4BB}.Release|Any CPU.ActiveCfg = Release|Any CPU
		{F5D96A88-2CC1-4C9B-8549-87AD60E0E4BB}.Release|Any CPU.Build.0 = Release|Any CPU
	EndGlobalSection
	GlobalSection(SolutionProperties) = preSolution
		HideSolutionNode = FALSE
	EndGlobalSection
	GlobalSection(ExtensibilityGlobals) = postSolution
		SolutionGuid = {ACC930C3-3D3E-4EF0-B3F7-A842F41FA5A1}
	EndGlobalSection
EndGlobal
